// !$*UTF8*$!
{
	archiveVersion = 1;
	classes = {
	};
	objectVersion = 50;
	objects = {

/* Begin PBXBuildFile section */
		3D0F38E2221754D6004CC77E /* AppDelegate.swift in Sources */ = {isa = PBXBuildFile; fileRef = 3D0F38E1221754D6004CC77E /* AppDelegate.swift */; };
		3D0F38E4221754D6004CC77E /* ViewController.swift in Sources */ = {isa = PBXBuildFile; fileRef = 3D0F38E3221754D6004CC77E /* ViewController.swift */; };
		3D0F38E7221754D6004CC77E /* Main.storyboard in Resources */ = {isa = PBXBuildFile; fileRef = 3D0F38E5221754D6004CC77E /* Main.storyboard */; };
		3D0F38E9221754D7004CC77E /* Assets.xcassets in Resources */ = {isa = PBXBuildFile; fileRef = 3D0F38E8221754D7004CC77E /* Assets.xcassets */; };
		3D0F38EC221754D7004CC77E /* LaunchScreen.storyboard in Resources */ = {isa = PBXBuildFile; fileRef = 3D0F38EA221754D7004CC77E /* LaunchScreen.storyboard */; };
		3D0F38F7221754D7004CC77E /* PersonUIUITests.swift in Sources */ = {isa = PBXBuildFile; fileRef = 3D0F38F6221754D7004CC77E /* PersonUIUITests.swift */; };
/* End PBXBuildFile section */

/* Begin PBXContainerItemProxy section */
		3D0F38F3221754D7004CC77E /* PBXContainerItemProxy */ = {
			isa = PBXContainerItemProxy;
			containerPortal = 3D0F38D6221754D6004CC77E /* Project object */;
			proxyType = 1;
			remoteGlobalIDString = 3D0F38DD221754D6004CC77E;
			remoteInfo = PersonUI;
		};
/* End PBXContainerItemProxy section */

/* Begin PBXFileReference section */
		3D0F38DE221754D6004CC77E /* PersonUI.app */ = {isa = PBXFileReference; explicitFileType = wrapper.application; includeInIndex = 0; path = PersonUI.app; sourceTree = BUILT_PRODUCTS_DIR; };
		3D0F38E1221754D6004CC77E /* AppDelegate.swift */ = {isa = PBXFileReference; lastKnownFileType = sourcecode.swift; path = AppDelegate.swift; sourceTree = "<group>"; };
		3D0F38E3221754D6004CC77E /* ViewController.swift */ = {isa = PBXFileReference; lastKnownFileType = sourcecode.swift; path = ViewController.swift; sourceTree = "<group>"; };
		3D0F38E6221754D6004CC77E /* Base */ = {isa = PBXFileReference; lastKnownFileType = file.storyboard; name = Base; path = Base.lproj/Main.storyboard; sourceTree = "<group>"; };
		3D0F38E8221754D7004CC77E /* Assets.xcassets */ = {isa = PBXFileReference; lastKnownFileType = folder.assetcatalog; path = Assets.xcassets; sourceTree = "<group>"; };
		3D0F38EB221754D7004CC77E /* Base */ = {isa = PBXFileReference; lastKnownFileType = file.storyboard; name = Base; path = Base.lproj/LaunchScreen.storyboard; sourceTree = "<group>"; };
		3D0F38ED221754D7004CC77E /* Info.plist */ = {isa = PBXFileReference; lastKnownFileType = text.plist.xml; path = Info.plist; sourceTree = "<group>"; };
		3D0F38F2221754D7004CC77E /* PersonUIUITests.xctest */ = {isa = PBXFileReference; explicitFileType = wrapper.cfbundle; includeInIndex = 0; path = PersonUIUITests.xctest; sourceTree = BUILT_PRODUCTS_DIR; };
		3D0F38F6221754D7004CC77E /* PersonUIUITests.swift */ = {isa = PBXFileReference; lastKnownFileType = sourcecode.swift; path = PersonUIUITests.swift; sourceTree = "<group>"; };
		3D0F38F8221754D7004CC77E /* Info.plist */ = {isa = PBXFileReference; lastKnownFileType = text.plist.xml; path = Info.plist; sourceTree = "<group>"; };
/* End PBXFileReference section */

/* Begin PBXFrameworksBuildPhase section */
		3D0F38DB221754D6004CC77E /* Frameworks */ = {
			isa = PBXFrameworksBuildPhase;
			buildActionMask = 2147483647;
			files = (
			);
			runOnlyForDeploymentPostprocessing = 0;
		};
		3D0F38EF221754D7004CC77E /* Frameworks */ = {
			isa = PBXFrameworksBuildPhase;
			buildActionMask = 2147483647;
			files = (
			);
			runOnlyForDeploymentPostprocessing = 0;
		};
/* End PBXFrameworksBuildPhase section */

/* Begin PBXGroup section */
		3D0F38D5221754D6004CC77E = {
			isa = PBXGroup;
			children = (
				3D0F38E0221754D6004CC77E /* PersonUI */,
				3D0F38F5221754D7004CC77E /* PersonUIUITests */,
				3D0F38DF221754D6004CC77E /* Products */,
			);
			sourceTree = "<group>";
		};
		3D0F38DF221754D6004CC77E /* Products */ = {
			isa = PBXGroup;
			children = (
				3D0F38DE221754D6004CC77E /* PersonUI.app */,
				3D0F38F2221754D7004CC77E /* PersonUIUITests.xctest */,
			);
			name = Products;
			sourceTree = "<group>";
		};
		3D0F38E0221754D6004CC77E /* PersonUI */ = {
			isa = PBXGroup;
			children = (
				3D0F38E1221754D6004CC77E /* AppDelegate.swift */,
				3D0F38E3221754D6004CC77E /* ViewController.swift */,
				3D0F38E5221754D6004CC77E /* Main.storyboard */,
				3D0F38E8221754D7004CC77E /* Assets.xcassets */,
				3D0F38EA221754D7004CC77E /* LaunchScreen.storyboard */,
				3D0F38ED221754D7004CC77E /* Info.plist */,
			);
			path = PersonUI;
			sourceTree = "<group>";
		};
		3D0F38F5221754D7004CC77E /* PersonUIUITests */ = {
			isa = PBXGroup;
			children = (
				3D0F38F6221754D7004CC77E /* PersonUIUITests.swift */,
				3D0F38F8221754D7004CC77E /* Info.plist */,
			);
			path = PersonUIUITests;
			sourceTree = "<group>";
		};
/* End PBXGroup section */

/* Begin PBXNativeTarget section */
		3D0F38DD221754D6004CC77E /* PersonUI */ = {
			isa = PBXNativeTarget;
			buildConfigurationList = 3D0F38FB221754D7004CC77E /* Build configuration list for PBXNativeTarget "PersonUI" */;
			buildPhases = (
				3D0F38DA221754D6004CC77E /* Sources */,
				3D0F38DB221754D6004CC77E /* Frameworks */,
				3D0F38DC221754D6004CC77E /* Resources */,
			);
			buildRules = (
			);
			dependencies = (
			);
			name = PersonUI;
			productName = PersonUI;
			productReference = 3D0F38DE221754D6004CC77E /* PersonUI.app */;
			productType = "com.apple.product-type.application";
		};
		3D0F38F1221754D7004CC77E /* PersonUIUITests */ = {
			isa = PBXNativeTarget;
			buildConfigurationList = 3D0F38FE221754D7004CC77E /* Build configuration list for PBXNativeTarget "PersonUIUITests" */;
			buildPhases = (
				3D0F38EE221754D7004CC77E /* Sources */,
				3D0F38EF221754D7004CC77E /* Frameworks */,
				3D0F38F0221754D7004CC77E /* Resources */,
			);
			buildRules = (
			);
			dependencies = (
				3D0F38F4221754D7004CC77E /* PBXTargetDependency */,
			);
			name = PersonUIUITests;
			productName = PersonUIUITests;
			productReference = 3D0F38F2221754D7004CC77E /* PersonUIUITests.xctest */;
			productType = "com.apple.product-type.bundle.ui-testing";
		};
/* End PBXNativeTarget section */

/* Begin PBXProject section */
		3D0F38D6221754D6004CC77E /* Project object */ = {
			isa = PBXProject;
			attributes = {
				LastSwiftUpdateCheck = 1010;
				LastUpgradeCheck = 1010;
				ORGANIZATIONNAME = rjy7wb;
				TargetAttributes = {
					3D0F38DD221754D6004CC77E = {
						CreatedOnToolsVersion = 10.1;
					};
					3D0F38F1221754D7004CC77E = {
						CreatedOnToolsVersion = 10.1;
						TestTargetID = 3D0F38DD221754D6004CC77E;
					};
				};
			};
			buildConfigurationList = 3D0F38D9221754D6004CC77E /* Build configuration list for PBXProject "PersonUI" */;
			compatibilityVersion = "Xcode 9.3";
			developmentRegion = en;
			hasScannedForEncodings = 0;
			knownRegions = (
				en,
				Base,
			);
			mainGroup = 3D0F38D5221754D6004CC77E;
			productRefGroup = 3D0F38DF221754D6004CC77E /* Products */;
			projectDirPath = "";
			projectRoot = "";
			targets = (
				3D0F38DD221754D6004CC77E /* PersonUI */,
				3D0F38F1221754D7004CC77E /* PersonUIUITests */,
			);
		};
/* End PBXProject section */

/* Begin PBXResourcesBuildPhase section */
		3D0F38DC221754D6004CC77E /* Resources */ = {
			isa = PBXResourcesBuildPhase;
			buildActionMask = 2147483647;
			files = (
				3D0F38EC221754D7004CC77E /* LaunchScreen.storyboard in Resources */,
				3D0F38E9221754D7004CC77E /* Assets.xcassets in Resources */,
				3D0F38E7221754D6004CC77E /* Main.storyboard in Resources */,
			);
			runOnlyForDeploymentPostprocessing = 0;
		};
		3D0F38F0221754D7004CC77E /* Resources */ = {
			isa = PBXResourcesBuildPhase;
			buildActionMask = 2147483647;
			files = (
			);
			runOnlyForDeploymentPostprocessing = 0;
		};
/* End PBXResourcesBuildPhase section */

/* Begin PBXSourcesBuildPhase section */
		3D0F38DA221754D6004CC77E /* Sources */ = {
			isa = PBXSourcesBuildPhase;
			buildActionMask = 2147483647;
			files = (
				3D0F38E4221754D6004CC77E /* ViewController.swift in Sources */,
				3D0F38E2221754D6004CC77E /* AppDelegate.swift in Sources */,
			);
			runOnlyForDeploymentPostprocessing = 0;
		};
		3D0F38EE221754D7004CC77E /* Sources */ = {
			isa = PBXSourcesBuildPhase;
			buildActionMask = 2147483647;
			files = (
				3D0F38F7221754D7004CC77E /* PersonUIUITests.swift in Sources */,
			);
			runOnlyForDeploymentPostprocessing = 0;
		};
/* End PBXSourcesBuildPhase section */

/* Begin PBXTargetDependency section */
		3D0F38F4221754D7004CC77E /* PBXTargetDependency */ = {
			isa = PBXTargetDependency;
			target = 3D0F38DD221754D6004CC77E /* PersonUI */;
			targetProxy = 3D0F38F3221754D7004CC77E /* PBXContainerItemProxy */;
		};
/* End PBXTargetDependency section */

/* Begin PBXVariantGroup section */
		3D0F38E5221754D6004CC77E /* Main.storyboard */ = {
			isa = PBXVariantGroup;
			children = (
				3D0F38E6221754D6004CC77E /* Base */,
			);
			name = Main.storyboard;
			sourceTree = "<group>";
		};
		3D0F38EA221754D7004CC77E /* LaunchScreen.storyboard */ = {
			isa = PBXVariantGroup;
			children = (
				3D0F38EB221754D7004CC77E /* Base */,
			);
			name = LaunchScreen.storyboard;
			sourceTree = "<group>";
		};
/* End PBXVariantGroup section */

/* Begin XCBuildConfiguration section */
		3D0F38F9221754D7004CC77E /* Debug */ = {
			isa = XCBuildConfiguration;
			buildSettings = {
				ALWAYS_SEARCH_USER_PATHS = NO;
				CLANG_ANALYZER_NONNULL = YES;
				CLANG_ANALYZER_NUMBER_OBJECT_CONVERSION = YES_AGGRESSIVE;
				CLANG_CXX_LANGUAGE_STANDARD = "gnu++14";
				CLANG_CXX_LIBRARY = "libc++";
				CLANG_ENABLE_MODULES = YES;
				CLANG_ENABLE_OBJC_ARC = YES;
				CLANG_ENABLE_OBJC_WEAK = YES;
				CLANG_WARN_BLOCK_CAPTURE_AUTORELEASING = YES;
				CLANG_WARN_BOOL_CONVERSION = YES;
				CLANG_WARN_COMMA = YES;
				CLANG_WARN_CONSTANT_CONVERSION = YES;
				CLANG_WARN_DEPRECATED_OBJC_IMPLEMENTATIONS = YES;
				CLANG_WARN_DIRECT_OBJC_ISA_USAGE = YES_ERROR;
				CLANG_WARN_DOCUMENTATION_COMMENTS = YES;
				CLANG_WARN_EMPTY_BODY = YES;
				CLANG_WARN_ENUM_CONVERSION = YES;
				CLANG_WARN_INFINITE_RECURSION = YES;
				CLANG_WARN_INT_CONVERSION = YES;
				CLANG_WARN_NON_LITERAL_NULL_CONVERSION = YES;
				CLANG_WARN_OBJC_IMPLICIT_RETAIN_SELF = YES;
				CLANG_WARN_OBJC_LITERAL_CONVERSION = YES;
				CLANG_WARN_OBJC_ROOT_CLASS = YES_ERROR;
				CLANG_WARN_RANGE_LOOP_ANALYSIS = YES;
				CLANG_WARN_STRICT_PROTOTYPES = YES;
				CLANG_WARN_SUSPICIOUS_MOVE = YES;
				CLANG_WARN_UNGUARDED_AVAILABILITY = YES_AGGRESSIVE;
				CLANG_WARN_UNREACHABLE_CODE = YES;
				CLANG_WARN__DUPLICATE_METHOD_MATCH = YES;
				CODE_SIGN_IDENTITY = "iPhone Developer";
				COPY_PHASE_STRIP = NO;
				DEBUG_INFORMATION_FORMAT = dwarf;
				ENABLE_STRICT_OBJC_MSGSEND = YES;
				ENABLE_TESTABILITY = YES;
				GCC_C_LANGUAGE_STANDARD = gnu11;
				GCC_DYNAMIC_NO_PIC = NO;
				GCC_NO_COMMON_BLOCKS = YES;
				GCC_OPTIMIZATION_LEVEL = 0;
				GCC_PREPROCESSOR_DEFINITIONS = (
					"DEBUG=1",
					"$(inherited)",
				);
				GCC_WARN_64_TO_32_BIT_CONVERSION = YES;
				GCC_WARN_ABOUT_RETURN_TYPE = YES_ERROR;
				GCC_WARN_UNDECLARED_SELECTOR = YES;
				GCC_WARN_UNINITIALIZED_AUTOS = YES_AGGRESSIVE;
				GCC_WARN_UNUSED_FUNCTION = YES;
				GCC_WARN_UNUSED_VARIABLE = YES;
				IPHONEOS_DEPLOYMENT_TARGET = 12.1;
				MTL_ENABLE_DEBUG_INFO = INCLUDE_SOURCE;
				MTL_FAST_MATH = YES;
				ONLY_ACTIVE_ARCH = YES;
				SDKROOT = iphoneos;
				SWIFT_ACTIVE_COMPILATION_CONDITIONS = DEBUG;
				SWIFT_OPTIMIZATION_LEVEL = "-Onone";
			};
			name = Debug;
		};
		3D0F38FA221754D7004CC77E /* Release */ = {
			isa = XCBuildConfiguration;
			buildSettings = {
				ALWAYS_SEARCH_USER_PATHS = NO;
				CLANG_ANALYZER_NONNULL = YES;
				CLANG_ANALYZER_NUMBER_OBJECT_CONVERSION = YES_AGGRESSIVE;
				CLANG_CXX_LANGUAGE_STANDARD = "gnu++14";
				CLANG_CXX_LIBRARY = "libc++";
				CLANG_ENABLE_MODULES = YES;
				CLANG_ENABLE_OBJC_ARC = YES;
				CLANG_ENABLE_OBJC_WEAK = YES;
				CLANG_WARN_BLOCK_CAPTURE_AUTORELEASING = YES;
				CLANG_WARN_BOOL_CONVERSION = YES;
				CLANG_WARN_COMMA = YES;
				CLANG_WARN_CONSTANT_CONVERSION = YES;
				CLANG_WARN_DEPRECATED_OBJC_IMPLEMENTATIONS = YES;
				CLANG_WARN_DIRECT_OBJC_ISA_USAGE = YES_ERROR;
				CLANG_WARN_DOCUMENTATION_COMMENTS = YES;
				CLANG_WARN_EMPTY_BODY = YES;
				CLANG_WARN_ENUM_CONVERSION = YES;
				CLANG_WARN_INFINITE_RECURSION = YES;
				CLANG_WARN_INT_CONVERSION = YES;
				CLANG_WARN_NON_LITERAL_NULL_CONVERSION = YES;
				CLANG_WARN_OBJC_IMPLICIT_RETAIN_SELF = YES;
				CLANG_WARN_OBJC_LITERAL_CONVERSION = YES;
				CLANG_WARN_OBJC_ROOT_CLASS = YES_ERROR;
				CLANG_WARN_RANGE_LOOP_ANALYSIS = YES;
				CLANG_WARN_STRICT_PROTOTYPES = YES;
				CLANG_WARN_SUSPICIOUS_MOVE = YES;
				CLANG_WARN_UNGUARDED_AVAILABILITY = YES_AGGRESSIVE;
				CLANG_WARN_UNREACHABLE_CODE = YES;
				CLANG_WARN__DUPLICATE_METHOD_MATCH = YES;
				CODE_SIGN_IDENTITY = "iPhone Developer";
				COPY_PHASE_STRIP = NO;
				DEBUG_INFORMATION_FORMAT = "dwarf-with-dsym";
				ENABLE_NS_ASSERTIONS = NO;
				ENABLE_STRICT_OBJC_MSGSEND = YES;
				GCC_C_LANGUAGE_STANDARD = gnu11;
				GCC_NO_COMMON_BLOCKS = YES;
				GCC_WARN_64_TO_32_BIT_CONVERSION = YES;
				GCC_WARN_ABOUT_RETURN_TYPE = YES_ERROR;
				GCC_WARN_UNDECLARED_SELECTOR = YES;
				GCC_WARN_UNINITIALIZED_AUTOS = YES_AGGRESSIVE;
				GCC_WARN_UNUSED_FUNCTION = YES;
				GCC_WARN_UNUSED_VARIABLE = YES;
				IPHONEOS_DEPLOYMENT_TARGET = 12.1;
				MTL_ENABLE_DEBUG_INFO = NO;
				MTL_FAST_MATH = YES;
				SDKROOT = iphoneos;
				SWIFT_COMPILATION_MODE = wholemodule;
				SWIFT_OPTIMIZATION_LEVEL = "-O";
				VALIDATE_PRODUCT = YES;
			};
			name = Release;
		};
		3D0F38FC221754D7004CC77E /* Debug */ = {
			isa = XCBuildConfiguration;
			buildSettings = {
				ASSETCATALOG_COMPILER_APPICON_NAME = AppIcon;
				CODE_SIGN_STYLE = Automatic;
				DEVELOPMENT_TEAM = MWFJ68J6DR;
				INFOPLIST_FILE = PersonUI/Info.plist;
				LD_RUNPATH_SEARCH_PATHS = (
					"$(inherited)",
					"@executable_path/Frameworks",
				);
				PRODUCT_BUNDLE_IDENTIFIER = randallyoung.PersonUI;
				PRODUCT_NAME = "$(TARGET_NAME)";
				SWIFT_VERSION = 4.2;
				TARGETED_DEVICE_FAMILY = "1,2";
			};
			name = Debug;
		};
		3D0F38FD221754D7004CC77E /* Release */ = {
			isa = XCBuildConfiguration;
			buildSettings = {
				ASSETCATALOG_COMPILER_APPICON_NAME = AppIcon;
				CODE_SIGN_STYLE = Automatic;
				DEVELOPMENT_TEAM = MWFJ68J6DR;
				INFOPLIST_FILE = PersonUI/Info.plist;
				LD_RUNPATH_SEARCH_PATHS = (
					"$(inherited)",
					"@executable_path/Frameworks",
				);
				PRODUCT_BUNDLE_IDENTIFIER = randallyoung.PersonUI;
				PRODUCT_NAME = "$(TARGET_NAME)";
				SWIFT_VERSION = 4.2;
				TARGETED_DEVICE_FAMILY = "1,2";
			};
			name = Release;
		};
		3D0F38FF221754D7004CC77E /* Debug */ = {
			isa = XCBuildConfiguration;
			buildSettings = {
				ALWAYS_EMBED_SWIFT_STANDARD_LIBRARIES = YES;
				CODE_SIGN_STYLE = Automatic;
				INFOPLIST_FILE = PersonUIUITests/Info.plist;
				LD_RUNPATH_SEARCH_PATHS = (
					"$(inherited)",
					"@executable_path/Frameworks",
					"@loader_path/Frameworks",
				);
				PRODUCT_BUNDLE_IDENTIFIER = randallyoung.PersonUIUITests;
				PRODUCT_NAME = "$(TARGET_NAME)";
				SWIFT_VERSION = 4.2;
				TARGETED_DEVICE_FAMILY = "1,2";
				TEST_TARGET_NAME = PersonUI;
			};
			name = Debug;
		};
		3D0F3900221754D7004CC77E /* Release */ = {
			isa = XCBuildConfiguration;
			buildSettings = {
				ALWAYS_EMBED_SWIFT_STANDARD_LIBRARIES = YES;
				CODE_SIGN_STYLE = Automatic;
				INFOPLIST_FILE = PersonUIUITests/Info.plist;
				LD_RUNPATH_SEARCH_PATHS = (
					"$(inherited)",
					"@executable_path/Frameworks",
					"@loader_path/Frameworks",
				);
				PRODUCT_BUNDLE_IDENTIFIER = randallyoung.PersonUIUITests;
				PRODUCT_NAME = "$(TARGET_NAME)";
				SWIFT_VERSION = 4.2;
				TARGETED_DEVICE_FAMILY = "1,2";
				TEST_TARGET_NAME = PersonUI;
			};
			name = Release;
		};
/* End XCBuildConfiguration section */

/* Begin XCConfigurationList section */
		3D0F38D9221754D6004CC77E /* Build configuration list for PBXProject "PersonUI" */ = {
			isa = XCConfigurationList;
			buildConfigurations = (
				3D0F38F9221754D7004CC77E /* Debug */,
				3D0F38FA221754D7004CC77E /* Release */,
			);
			defaultConfigurationIsVisible = 0;
			defaultConfigurationName = Release;
		};
		3D0F38FB221754D7004CC77E /* Build configuration list for PBXNativeTarget "PersonUI" */ = {
			isa = XCConfigurationList;
			buildConfigurations = (
				3D0F38FC221754D7004CC77E /* Debug */,
				3D0F38FD221754D7004CC77E /* Release */,
			);
			defaultConfigurationIsVisible = 0;
			defaultConfigurationName = Release;
		};
		3D0F38FE221754D7004CC77E /* Build configuration list for PBXNativeTarget "PersonUIUITests" */ = {
			isa = XCConfigurationList;
			buildConfigurations = (
				3D0F38FF221754D7004CC77E /* Debug */,
				3D0F3900221754D7004CC77E /* Release */,
			);
			defaultConfigurationIsVisible = 0;
			defaultConfigurationName = Release;
		};
/* End XCConfigurationList section */
	};
	rootObject = 3D0F38D6221754D6004CC77E /* Project object */;
}
